
Microsoft Visual Studio Solution File, Format Version 12.00
# Visual Studio Version 16
VisualStudioVersion = 16.0.30711.63
MinimumVisualStudioVersion = 10.0.40219.1
Project("{8BC9CEB8-8B4A-11D0-8D11-00A0C91BC942}") = "LevelA02", "LevelA02\LevelA02.vcxproj", "{69BC6B5C-B078-45EF-9EEC-1727E3769B82}"
EndProject
Global
	GlobalSection(SolutionConfigurationPlatforms) = preSolution
		Debug|x64 = Debug|x64
		Debug|x86 = Debug|x86
		Release|x64 = Release|x64
		Release|x86 = Release|x86
	EndGlobalSection
	GlobalSection(ProjectConfigurationPlatforms) = postSolution
		{69BC6B5C-B078-45EF-9EEC-1727E3769B82}.Debug|x64.ActiveCfg = Debug|x64
		{69BC6B5C-B078-45EF-9EEC-1727E3769B82}.Debug|x64.Build.0 = Debug|x64
		{69BC6B5C-B078-45EF-9EEC-1727E3769B82}.Debug|x86.ActiveCfg = Debug|Win32
		{69BC6B5C-B078-45EF-9EEC-1727E3769B82}.Debug|x86.Build.0 = Debug|Win32
		{69BC6B5C-B078-45EF-9EEC-1727E3769B82}.Release|x64.ActiveCfg = Release|x64
		{69BC6B5C-B078-45EF-9EEC-1727E3769B82}.Release|x64.Build.0 = Release|x64
		{69BC6B5C-B078-45EF-9EEC-1727E3769B82}.Release|x86.ActiveCfg = Release|Win32
		{69BC6B5C-B078-45EF-9EEC-1727E3769B82}.Release|x86.Build.0 = Release|Win32
	EndGlobalSection
	GlobalSection(SolutionProperties) = preSolution
		HideSolutionNode = FALSE
	EndGlobalSection
	GlobalSection(ExtensibilityGlobals) = postSolution
		SolutionGuid = {4474EF26-A11B-4FF7-8748-3C1DBE3CF334}
	EndGlobalSection
EndGlobal
